
Microsoft Visual Studio Solution File, Format Version 12.00
# Visual Studio 15
VisualStudioVersion = 15.0.28307.271
MinimumVisualStudioVersion = 10.0.40219.1
Project("{FAE04EC0-301F-11D3-BF4B-00C04F79EFBC}") = "Recursion stuff", "Recursion stuff\Recursion stuff.csproj", "{52C6A069-5C1D-4D90-AF16-9D9AA8340E31}"
EndProject
Global
	GlobalSection(SolutionConfigurationPlatforms) = preSolution
		Debug|Any CPU = Debug|Any CPU
		Release|Any CPU = Release|Any CPU
	EndGlobalSection
	GlobalSection(ProjectConfigurationPlatforms) = postSolution
		{52C6A069-5C1D-4D90-AF16-9D9AA8340E31}.Debug|Any CPU.ActiveCfg = Debug|Any CPU
		{52C6A069-5C1D-4D90-AF16-9D9AA8340E31}.Debug|Any CPU.Build.0 = Debug|Any CPU
		{52C6A069-5C1D-4D90-AF16-9D9AA8340E31}.Release|Any CPU.ActiveCfg = Release|Any CPU
		{52C6A069-5C1D-4D90-AF16-9D9AA8340E31}.Release|Any CPU.Build.0 = Release|Any CPU
	EndGlobalSection
	GlobalSection(SolutionProperties) = preSolution
		HideSolutionNode = FALSE
	EndGlobalSection
	GlobalSection(ExtensibilityGlobals) = postSolution
		SolutionGuid = {66E85681-631D-430B-B71F-8FF496B126FD}
	EndGlobalSection
EndGlobal
