
Microsoft Visual Studio Solution File, Format Version 12.00
# Visual Studio 15
VisualStudioVersion = 15.0.28307.271
MinimumVisualStudioVersion = 10.0.40219.1
Project("{FAE04EC0-301F-11D3-BF4B-00C04F79EFBC}") = "Workshop 2", "Workshop 2\Workshop 2.csproj", "{2BE8CF76-F038-4185-B229-46B06E99435A}"
EndProject
Global
	GlobalSection(SolutionConfigurationPlatforms) = preSolution
		Debug|Any CPU = Debug|Any CPU
		Release|Any CPU = Release|Any CPU
	EndGlobalSection
	GlobalSection(ProjectConfigurationPlatforms) = postSolution
		{2BE8CF76-F038-4185-B229-46B06E99435A}.Debug|Any CPU.ActiveCfg = Debug|Any CPU
		{2BE8CF76-F038-4185-B229-46B06E99435A}.Debug|Any CPU.Build.0 = Debug|Any CPU
		{2BE8CF76-F038-4185-B229-46B06E99435A}.Release|Any CPU.ActiveCfg = Release|Any CPU
		{2BE8CF76-F038-4185-B229-46B06E99435A}.Release|Any CPU.Build.0 = Release|Any CPU
	EndGlobalSection
	GlobalSection(SolutionProperties) = preSolution
		HideSolutionNode = FALSE
	EndGlobalSection
	GlobalSection(ExtensibilityGlobals) = postSolution
		SolutionGuid = {2F7484AF-C80A-4855-BF94-1C1B447ED314}
	EndGlobalSection
EndGlobal
